{
  "requires": true,
  "lockfileVersion": 1,
  "dependencies": {
    "mathjax": {
      "version": "2.7.6",
      "resolved": "https://registry.npmjs.org/mathjax/-/mathjax-2.7.6.tgz",
      "integrity": "sha512-RKFn28kVFSL9xyy6aCoI5fj/Vb9yCr4sI5VdzrKy95FuN7zngJfNZNqWezSVjNYFjZ8Dfrap5GoYcPqqhKWSkA=="
    }
  }
}
